
Microsoft Visual Studio Solution File, Format Version 12.00
# Visual Studio Version 17
VisualStudioVersion = 17.4.33213.308
MinimumVisualStudioVersion = 10.0.40219.1
Project("{FAE04EC0-301F-11D3-BF4B-00C04F79EFBC}") = "Project-MovieWebAPIASPNETCore", "Project-MovieWebAPIASPNETCore\Project-MovieWebAPIASPNETCore.csproj", "{D0740ECF-2C6B-4EEA-B173-DB0B8C5A1CF8}"
EndProject
Global
	GlobalSection(SolutionConfigurationPlatforms) = preSolution
		Debug|Any CPU = Debug|Any CPU
		Release|Any CPU = Release|Any CPU
	EndGlobalSection
	GlobalSection(ProjectConfigurationPlatforms) = postSolution
		{D0740ECF-2C6B-4EEA-B173-DB0B8C5A1CF8}.Debug|Any CPU.ActiveCfg = Debug|Any CPU
		{D0740ECF-2C6B-4EEA-B173-DB0B8C5A1CF8}.Debug|Any CPU.Build.0 = Debug|Any CPU
		{D0740ECF-2C6B-4EEA-B173-DB0B8C5A1CF8}.Release|Any CPU.ActiveCfg = Release|Any CPU
		{D0740ECF-2C6B-4EEA-B173-DB0B8C5A1CF8}.Release|Any CPU.Build.0 = Release|Any CPU
	EndGlobalSection
	GlobalSection(SolutionProperties) = preSolution
		HideSolutionNode = FALSE
	EndGlobalSection
	GlobalSection(ExtensibilityGlobals) = postSolution
		SolutionGuid = {38EF20A5-83E2-44B2-B436-34A8623B3BE4}
	EndGlobalSection
EndGlobal
